
Microsoft Visual Studio Solution File, Format Version 12.00
# Visual Studio Version 16
VisualStudioVersion = 16.0.30907.101
MinimumVisualStudioVersion = 10.0.40219.1
Project("{FAE04EC0-301F-11D3-BF4B-00C04F79EFBC}") = "TKmotors.API", "TKmotors.API\TKmotors.API.csproj", "{B578849E-774B-4390-97EC-26CB0835D382}"
EndProject
Global
	GlobalSection(SolutionConfigurationPlatforms) = preSolution
		Debug|Any CPU = Debug|Any CPU
		Release|Any CPU = Release|Any CPU
	EndGlobalSection
	GlobalSection(ProjectConfigurationPlatforms) = postSolution
		{B578849E-774B-4390-97EC-26CB0835D382}.Debug|Any CPU.ActiveCfg = Debug|Any CPU
		{B578849E-774B-4390-97EC-26CB0835D382}.Debug|Any CPU.Build.0 = Debug|Any CPU
		{B578849E-774B-4390-97EC-26CB0835D382}.Release|Any CPU.ActiveCfg = Release|Any CPU
		{B578849E-774B-4390-97EC-26CB0835D382}.Release|Any CPU.Build.0 = Release|Any CPU
	EndGlobalSection
	GlobalSection(SolutionProperties) = preSolution
		HideSolutionNode = FALSE
	EndGlobalSection
	GlobalSection(ExtensibilityGlobals) = postSolution
		SolutionGuid = {F7ABBA3F-33BD-41D5-BD28-87526A369927}
	EndGlobalSection
EndGlobal
